
Microsoft Visual Studio Solution File, Format Version 12.00
# Visual Studio Version 16
VisualStudioVersion = 16.0.30711.63
MinimumVisualStudioVersion = 10.0.40219.1
Project("{FAE04EC0-301F-11D3-BF4B-00C04F79EFBC}") = "Module1_NgoNgocLuc", "Module1_NgoNgocLuc\Module1_NgoNgocLuc.csproj", "{4BABC19F-45BF-45F0-9932-7583624088A1}"
EndProject
Global
	GlobalSection(SolutionConfigurationPlatforms) = preSolution
		Debug|Any CPU = Debug|Any CPU
		Release|Any CPU = Release|Any CPU
	EndGlobalSection
	GlobalSection(ProjectConfigurationPlatforms) = postSolution
		{4BABC19F-45BF-45F0-9932-7583624088A1}.Debug|Any CPU.ActiveCfg = Debug|Any CPU
		{4BABC19F-45BF-45F0-9932-7583624088A1}.Debug|Any CPU.Build.0 = Debug|Any CPU
		{4BABC19F-45BF-45F0-9932-7583624088A1}.Release|Any CPU.ActiveCfg = Release|Any CPU
		{4BABC19F-45BF-45F0-9932-7583624088A1}.Release|Any CPU.Build.0 = Release|Any CPU
	EndGlobalSection
	GlobalSection(SolutionProperties) = preSolution
		HideSolutionNode = FALSE
	EndGlobalSection
	GlobalSection(ExtensibilityGlobals) = postSolution
		SolutionGuid = {4BE7ACD1-46CC-41AB-84C5-33202BC03978}
	EndGlobalSection
EndGlobal
